// !$*UTF8*$!
{
	archiveVersion = 1;
	classes = {
	};
	objectVersion = 46;
	objects = {

/* Begin PBXBuildFile section */
		4D072DFB1F01510400C166C4 /* AppDelegate.swift in Sources */ = {isa = PBXBuildFile; fileRef = 4D072DFA1F01510400C166C4 /* AppDelegate.swift */; };
		4D072DFD1F01510400C166C4 /* ViewController.swift in Sources */ = {isa = PBXBuildFile; fileRef = 4D072DFC1F01510400C166C4 /* ViewController.swift */; };
		4D072E001F01510400C166C4 /* Main.storyboard in Resources */ = {isa = PBXBuildFile; fileRef = 4D072DFE1F01510400C166C4 /* Main.storyboard */; };
		4D072E021F01510400C166C4 /* Assets.xcassets in Resources */ = {isa = PBXBuildFile; fileRef = 4D072E011F01510400C166C4 /* Assets.xcassets */; };
		4D072E051F01510400C166C4 /* LaunchScreen.storyboard in Resources */ = {isa = PBXBuildFile; fileRef = 4D072E031F01510400C166C4 /* LaunchScreen.storyboard */; };
		4D072E101F01510400C166C4 /* SwiftChallengeTests.swift in Sources */ = {isa = PBXBuildFile; fileRef = 4D072E0F1F01510400C166C4 /* SwiftChallengeTests.swift */; };
		4D072E1B1F01510400C166C4 /* SwiftChallengeUITests.swift in Sources */ = {isa = PBXBuildFile; fileRef = 4D072E1A1F01510400C166C4 /* SwiftChallengeUITests.swift */; };
/* End PBXBuildFile section */

/* Begin PBXContainerItemProxy section */
		4D072E0C1F01510400C166C4 /* PBXContainerItemProxy */ = {
			isa = PBXContainerItemProxy;
			containerPortal = 4D072DEF1F01510400C166C4 /* Project object */;
			proxyType = 1;
			remoteGlobalIDString = 4D072DF61F01510400C166C4;
			remoteInfo = SwiftChallenge;
		};
		4D072E171F01510400C166C4 /* PBXContainerItemProxy */ = {
			isa = PBXContainerItemProxy;
			containerPortal = 4D072DEF1F01510400C166C4 /* Project object */;
			proxyType = 1;
			remoteGlobalIDString = 4D072DF61F01510400C166C4;
			remoteInfo = SwiftChallenge;
		};
/* End PBXContainerItemProxy section */

/* Begin PBXFileReference section */
		4D072DF71F01510400C166C4 /* SwiftChallenge.app */ = {isa = PBXFileReference; explicitFileType = wrapper.application; includeInIndex = 0; path = SwiftChallenge.app; sourceTree = BUILT_PRODUCTS_DIR; };
		4D072DFA1F01510400C166C4 /* AppDelegate.swift */ = {isa = PBXFileReference; lastKnownFileType = sourcecode.swift; path = AppDelegate.swift; sourceTree = "<group>"; };
		4D072DFC1F01510400C166C4 /* ViewController.swift */ = {isa = PBXFileReference; lastKnownFileType = sourcecode.swift; path = ViewController.swift; sourceTree = "<group>"; };
		4D072DFF1F01510400C166C4 /* Base */ = {isa = PBXFileReference; lastKnownFileType = file.storyboard; name = Base; path = Base.lproj/Main.storyboard; sourceTree = "<group>"; };
		4D072E011F01510400C166C4 /* Assets.xcassets */ = {isa = PBXFileReference; lastKnownFileType = folder.assetcatalog; path = Assets.xcassets; sourceTree = "<group>"; };
		4D072E041F01510400C166C4 /* Base */ = {isa = PBXFileReference; lastKnownFileType = file.storyboard; name = Base; path = Base.lproj/LaunchScreen.storyboard; sourceTree = "<group>"; };
		4D072E061F01510400C166C4 /* Info.plist */ = {isa = PBXFileReference; lastKnownFileType = text.plist.xml; path = Info.plist; sourceTree = "<group>"; };
		4D072E0B1F01510400C166C4 /* SwiftChallengeTests.xctest */ = {isa = PBXFileReference; explicitFileType = wrapper.cfbundle; includeInIndex = 0; path = SwiftChallengeTests.xctest; sourceTree = BUILT_PRODUCTS_DIR; };
		4D072E0F1F01510400C166C4 /* SwiftChallengeTests.swift */ = {isa = PBXFileReference; lastKnownFileType = sourcecode.swift; path = SwiftChallengeTests.swift; sourceTree = "<group>"; };
		4D072E111F01510400C166C4 /* Info.plist */ = {isa = PBXFileReference; lastKnownFileType = text.plist.xml; path = Info.plist; sourceTree = "<group>"; };
		4D072E161F01510400C166C4 /* SwiftChallengeUITests.xctest */ = {isa = PBXFileReference; explicitFileType = wrapper.cfbundle; includeInIndex = 0; path = SwiftChallengeUITests.xctest; sourceTree = BUILT_PRODUCTS_DIR; };
		4D072E1A1F01510400C166C4 /* SwiftChallengeUITests.swift */ = {isa = PBXFileReference; lastKnownFileType = sourcecode.swift; path = SwiftChallengeUITests.swift; sourceTree = "<group>"; };
		4D072E1C1F01510400C166C4 /* Info.plist */ = {isa = PBXFileReference; lastKnownFileType = text.plist.xml; path = Info.plist; sourceTree = "<group>"; };
/* End PBXFileReference section */

/* Begin PBXFrameworksBuildPhase section */
		4D072DF41F01510400C166C4 /* Frameworks */ = {
			isa = PBXFrameworksBuildPhase;
			buildActionMask = 2147483647;
			files = (
			);
			runOnlyForDeploymentPostprocessing = 0;
		};
		4D072E081F01510400C166C4 /* Frameworks */ = {
			isa = PBXFrameworksBuildPhase;
			buildActionMask = 2147483647;
			files = (
			);
			runOnlyForDeploymentPostprocessing = 0;
		};
		4D072E131F01510400C166C4 /* Frameworks */ = {
			isa = PBXFrameworksBuildPhase;
			buildActionMask = 2147483647;
			files = (
			);
			runOnlyForDeploymentPostprocessing = 0;
		};
/* End PBXFrameworksBuildPhase section */

/* Begin PBXGroup section */
		4D072DEE1F01510400C166C4 = {
			isa = PBXGroup;
			children = (
				4D072DF91F01510400C166C4 /* SwiftChallenge */,
				4D072E0E1F01510400C166C4 /* SwiftChallengeTests */,
				4D072E191F01510400C166C4 /* SwiftChallengeUITests */,
				4D072DF81F01510400C166C4 /* Products */,
			);
			sourceTree = "<group>";
		};
		4D072DF81F01510400C166C4 /* Products */ = {
			isa = PBXGroup;
			children = (
				4D072DF71F01510400C166C4 /* SwiftChallenge.app */,
				4D072E0B1F01510400C166C4 /* SwiftChallengeTests.xctest */,
				4D072E161F01510400C166C4 /* SwiftChallengeUITests.xctest */,
			);
			name = Products;
			sourceTree = "<group>";
		};
		4D072DF91F01510400C166C4 /* SwiftChallenge */ = {
			isa = PBXGroup;
			children = (
				4D072DFA1F01510400C166C4 /* AppDelegate.swift */,
				4D072DFC1F01510400C166C4 /* ViewController.swift */,
				4D072DFE1F01510400C166C4 /* Main.storyboard */,
				4D072E011F01510400C166C4 /* Assets.xcassets */,
				4D072E031F01510400C166C4 /* LaunchScreen.storyboard */,
				4D072E061F01510400C166C4 /* Info.plist */,
			);
			path = SwiftChallenge;
			sourceTree = "<group>";
		};
		4D072E0E1F01510400C166C4 /* SwiftChallengeTests */ = {
			isa = PBXGroup;
			children = (
				4D072E0F1F01510400C166C4 /* SwiftChallengeTests.swift */,
				4D072E111F01510400C166C4 /* Info.plist */,
			);
			path = SwiftChallengeTests;
			sourceTree = "<group>";
		};
		4D072E191F01510400C166C4 /* SwiftChallengeUITests */ = {
			isa = PBXGroup;
			children = (
				4D072E1A1F01510400C166C4 /* SwiftChallengeUITests.swift */,
				4D072E1C1F01510400C166C4 /* Info.plist */,
			);
			path = SwiftChallengeUITests;
			sourceTree = "<group>";
		};
/* End PBXGroup section */

/* Begin PBXNativeTarget section */
		4D072DF61F01510400C166C4 /* SwiftChallenge */ = {
			isa = PBXNativeTarget;
			buildConfigurationList = 4D072E1F1F01510400C166C4 /* Build configuration list for PBXNativeTarget "SwiftChallenge" */;
			buildPhases = (
				4D072DF31F01510400C166C4 /* Sources */,
				4D072DF41F01510400C166C4 /* Frameworks */,
				4D072DF51F01510400C166C4 /* Resources */,
			);
			buildRules = (
			);
			dependencies = (
			);
			name = SwiftChallenge;
			productName = SwiftChallenge;
			productReference = 4D072DF71F01510400C166C4 /* SwiftChallenge.app */;
			productType = "com.apple.product-type.application";
		};
		4D072E0A1F01510400C166C4 /* SwiftChallengeTests */ = {
			isa = PBXNativeTarget;
			buildConfigurationList = 4D072E221F01510400C166C4 /* Build configuration list for PBXNativeTarget "SwiftChallengeTests" */;
			buildPhases = (
				4D072E071F01510400C166C4 /* Sources */,
				4D072E081F01510400C166C4 /* Frameworks */,
				4D072E091F01510400C166C4 /* Resources */,
			);
			buildRules = (
			);
			dependencies = (
				4D072E0D1F01510400C166C4 /* PBXTargetDependency */,
			);
			name = SwiftChallengeTests;
			productName = SwiftChallengeTests;
			productReference = 4D072E0B1F01510400C166C4 /* SwiftChallengeTests.xctest */;
			productType = "com.apple.product-type.bundle.unit-test";
		};
		4D072E151F01510400C166C4 /* SwiftChallengeUITests */ = {
			isa = PBXNativeTarget;
			buildConfigurationList = 4D072E251F01510400C166C4 /* Build configuration list for PBXNativeTarget "SwiftChallengeUITests" */;
			buildPhases = (
				4D072E121F01510400C166C4 /* Sources */,
				4D072E131F01510400C166C4 /* Frameworks */,
				4D072E141F01510400C166C4 /* Resources */,
			);
			buildRules = (
			);
			dependencies = (
				4D072E181F01510400C166C4 /* PBXTargetDependency */,
			);
			name = SwiftChallengeUITests;
			productName = SwiftChallengeUITests;
			productReference = 4D072E161F01510400C166C4 /* SwiftChallengeUITests.xctest */;
			productType = "com.apple.product-type.bundle.ui-testing";
		};
/* End PBXNativeTarget section */

/* Begin PBXProject section */
		4D072DEF1F01510400C166C4 /* Project object */ = {
			isa = PBXProject;
			attributes = {
				LastSwiftUpdateCheck = 0830;
				LastUpgradeCheck = 0830;
				ORGANIZATIONNAME = "檜垣 俊希";
				TargetAttributes = {
					4D072DF61F01510400C166C4 = {
						CreatedOnToolsVersion = 8.3.3;
						DevelopmentTeam = ALBGZPHH9H;
						ProvisioningStyle = Automatic;
					};
					4D072E0A1F01510400C166C4 = {
						CreatedOnToolsVersion = 8.3.3;
						DevelopmentTeam = ALBGZPHH9H;
						ProvisioningStyle = Automatic;
						TestTargetID = 4D072DF61F01510400C166C4;
					};
					4D072E151F01510400C166C4 = {
						CreatedOnToolsVersion = 8.3.3;
						DevelopmentTeam = ALBGZPHH9H;
						ProvisioningStyle = Automatic;
						TestTargetID = 4D072DF61F01510400C166C4;
					};
				};
			};
			buildConfigurationList = 4D072DF21F01510400C166C4 /* Build configuration list for PBXProject "SwiftChallenge" */;
			compatibilityVersion = "Xcode 3.2";
			developmentRegion = English;
			hasScannedForEncodings = 0;
			knownRegions = (
				en,
				Base,
			);
			mainGroup = 4D072DEE1F01510400C166C4;
			productRefGroup = 4D072DF81F01510400C166C4 /* Products */;
			projectDirPath = "";
			projectRoot = "";
			targets = (
				4D072DF61F01510400C166C4 /* SwiftChallenge */,
				4D072E0A1F01510400C166C4 /* SwiftChallengeTests */,
				4D072E151F01510400C166C4 /* SwiftChallengeUITests */,
			);
		};
/* End PBXProject section */

/* Begin PBXResourcesBuildPhase section */
		4D072DF51F01510400C166C4 /* Resources */ = {
			isa = PBXResourcesBuildPhase;
			buildActionMask = 2147483647;
			files = (
				4D072E051F01510400C166C4 /* LaunchScreen.storyboard in Resources */,
				4D072E021F01510400C166C4 /* Assets.xcassets in Resources */,
				4D072E001F01510400C166C4 /* Main.storyboard in Resources */,
			);
			runOnlyForDeploymentPostprocessing = 0;
		};
		4D072E091F01510400C166C4 /* Resources */ = {
			isa = PBXResourcesBuildPhase;
			buildActionMask = 2147483647;
			files = (
			);
			runOnlyForDeploymentPostprocessing = 0;
		};
		4D072E141F01510400C166C4 /* Resources */ = {
			isa = PBXResourcesBuildPhase;
			buildActionMask = 2147483647;
			files = (
			);
			runOnlyForDeploymentPostprocessing = 0;
		};
/* End PBXResourcesBuildPhase section */

/* Begin PBXSourcesBuildPhase section */
		4D072DF31F01510400C166C4 /* Sources */ = {
			isa = PBXSourcesBuildPhase;
			buildActionMask = 2147483647;
			files = (
				4D072DFD1F01510400C166C4 /* ViewController.swift in Sources */,
				4D072DFB1F01510400C166C4 /* AppDelegate.swift in Sources */,
			);
			runOnlyForDeploymentPostprocessing = 0;
		};
		4D072E071F01510400C166C4 /* Sources */ = {
			isa = PBXSourcesBuildPhase;
			buildActionMask = 2147483647;
			files = (
				4D072E101F01510400C166C4 /* SwiftChallengeTests.swift in Sources */,
			);
			runOnlyForDeploymentPostprocessing = 0;
		};
		4D072E121F01510400C166C4 /* Sources */ = {
			isa = PBXSourcesBuildPhase;
			buildActionMask = 2147483647;
			files = (
				4D072E1B1F01510400C166C4 /* SwiftChallengeUITests.swift in Sources */,
			);
			runOnlyForDeploymentPostprocessing = 0;
		};
/* End PBXSourcesBuildPhase section */

/* Begin PBXTargetDependency section */
		4D072E0D1F01510400C166C4 /* PBXTargetDependency */ = {
			isa = PBXTargetDependency;
			target = 4D072DF61F01510400C166C4 /* SwiftChallenge */;
			targetProxy = 4D072E0C1F01510400C166C4 /* PBXContainerItemProxy */;
		};
		4D072E181F01510400C166C4 /* PBXTargetDependency */ = {
			isa = PBXTargetDependency;
			target = 4D072DF61F01510400C166C4 /* SwiftChallenge */;
			targetProxy = 4D072E171F01510400C166C4 /* PBXContainerItemProxy */;
		};
/* End PBXTargetDependency section */

/* Begin PBXVariantGroup section */
		4D072DFE1F01510400C166C4 /* Main.storyboard */ = {
			isa = PBXVariantGroup;
			children = (
				4D072DFF1F01510400C166C4 /* Base */,
			);
			name = Main.storyboard;
			sourceTree = "<group>";
		};
		4D072E031F01510400C166C4 /* LaunchScreen.storyboard */ = {
			isa = PBXVariantGroup;
			children = (
				4D072E041F01510400C166C4 /* Base */,
			);
			name = LaunchScreen.storyboard;
			sourceTree = "<group>";
		};
/* End PBXVariantGroup section */

/* Begin XCBuildConfiguration section */
		4D072E1D1F01510400C166C4 /* Debug */ = {
			isa = XCBuildConfiguration;
			buildSettings = {
				ALWAYS_SEARCH_USER_PATHS = NO;
				CLANG_ANALYZER_NONNULL = YES;
				CLANG_ANALYZER_NUMBER_OBJECT_CONVERSION = YES_AGGRESSIVE;
				CLANG_CXX_LANGUAGE_STANDARD = "gnu++0x";
				CLANG_CXX_LIBRARY = "libc++";
				CLANG_ENABLE_MODULES = YES;
				CLANG_ENABLE_OBJC_ARC = YES;
				CLANG_WARN_BOOL_CONVERSION = YES;
				CLANG_WARN_CONSTANT_CONVERSION = YES;
				CLANG_WARN_DIRECT_OBJC_ISA_USAGE = YES_ERROR;
				CLANG_WARN_DOCUMENTATION_COMMENTS = YES;
				CLANG_WARN_EMPTY_BODY = YES;
				CLANG_WARN_ENUM_CONVERSION = YES;
				CLANG_WARN_INFINITE_RECURSION = YES;
				CLANG_WARN_INT_CONVERSION = YES;
				CLANG_WARN_OBJC_ROOT_CLASS = YES_ERROR;
				CLANG_WARN_SUSPICIOUS_MOVE = YES;
				CLANG_WARN_UNREACHABLE_CODE = YES;
				CLANG_WARN__DUPLICATE_METHOD_MATCH = YES;
				"CODE_SIGN_IDENTITY[sdk=iphoneos*]" = "iPhone Developer";
				COPY_PHASE_STRIP = NO;
				DEBUG_INFORMATION_FORMAT = dwarf;
				ENABLE_STRICT_OBJC_MSGSEND = YES;
				ENABLE_TESTABILITY = YES;
				GCC_C_LANGUAGE_STANDARD = gnu99;
				GCC_DYNAMIC_NO_PIC = NO;
				GCC_NO_COMMON_BLOCKS = YES;
				GCC_OPTIMIZATION_LEVEL = 0;
				GCC_PREPROCESSOR_DEFINITIONS = (
					"DEBUG=1",
					"$(inherited)",
				);
				GCC_WARN_64_TO_32_BIT_CONVERSION = YES;
				GCC_WARN_ABOUT_RETURN_TYPE = YES_ERROR;
				GCC_WARN_UNDECLARED_SELECTOR = YES;
				GCC_WARN_UNINITIALIZED_AUTOS = YES_AGGRESSIVE;
				GCC_WARN_UNUSED_FUNCTION = YES;
				GCC_WARN_UNUSED_VARIABLE = YES;
				IPHONEOS_DEPLOYMENT_TARGET = 10.3;
				MTL_ENABLE_DEBUG_INFO = YES;
				ONLY_ACTIVE_ARCH = YES;
				SDKROOT = iphoneos;
				SWIFT_ACTIVE_COMPILATION_CONDITIONS = DEBUG;
				SWIFT_OPTIMIZATION_LEVEL = "-Onone";
				TARGETED_DEVICE_FAMILY = "1,2";
			};
			name = Debug;
		};
		4D072E1E1F01510400C166C4 /* Release */ = {
			isa = XCBuildConfiguration;
			buildSettings = {
				ALWAYS_SEARCH_USER_PATHS = NO;
				CLANG_ANALYZER_NONNULL = YES;
				CLANG_ANALYZER_NUMBER_OBJECT_CONVERSION = YES_AGGRESSIVE;
				CLANG_CXX_LANGUAGE_STANDARD = "gnu++0x";
				CLANG_CXX_LIBRARY = "libc++";
				CLANG_ENABLE_MODULES = YES;
				CLANG_ENABLE_OBJC_ARC = YES;
				CLANG_WARN_BOOL_CONVERSION = YES;
				CLANG_WARN_CONSTANT_CONVERSION = YES;
				CLANG_WARN_DIRECT_OBJC_ISA_USAGE = YES_ERROR;
				CLANG_WARN_DOCUMENTATION_COMMENTS = YES;
				CLANG_WARN_EMPTY_BODY = YES;
				CLANG_WARN_ENUM_CONVERSION = YES;
				CLANG_WARN_INFINITE_RECURSION = YES;
				CLANG_WARN_INT_CONVERSION = YES;
				CLANG_WARN_OBJC_ROOT_CLASS = YES_ERROR;
				CLANG_WARN_SUSPICIOUS_MOVE = YES;
				CLANG_WARN_UNREACHABLE_CODE = YES;
				CLANG_WARN__DUPLICATE_METHOD_MATCH = YES;
				"CODE_SIGN_IDENTITY[sdk=iphoneos*]" = "iPhone Developer";
				COPY_PHASE_STRIP = NO;
				DEBUG_INFORMATION_FORMAT = "dwarf-with-dsym";
				ENABLE_NS_ASSERTIONS = NO;
				ENABLE_STRICT_OBJC_MSGSEND = YES;
				GCC_C_LANGUAGE_STANDARD = gnu99;
				GCC_NO_COMMON_BLOCKS = YES;
				GCC_WARN_64_TO_32_BIT_CONVERSION = YES;
				GCC_WARN_ABOUT_RETURN_TYPE = YES_ERROR;
				GCC_WARN_UNDECLARED_SELECTOR = YES;
				GCC_WARN_UNINITIALIZED_AUTOS = YES_AGGRESSIVE;
				GCC_WARN_UNUSED_FUNCTION = YES;
				GCC_WARN_UNUSED_VARIABLE = YES;
				IPHONEOS_DEPLOYMENT_TARGET = 10.3;
				MTL_ENABLE_DEBUG_INFO = NO;
				SDKROOT = iphoneos;
				SWIFT_OPTIMIZATION_LEVEL = "-Owholemodule";
				TARGETED_DEVICE_FAMILY = "1,2";
				VALIDATE_PRODUCT = YES;
			};
			name = Release;
		};
		4D072E201F01510400C166C4 /* Debug */ = {
			isa = XCBuildConfiguration;
			buildSettings = {
				ASSETCATALOG_COMPILER_APPICON_NAME = AppIcon;
				DEVELOPMENT_TEAM = ALBGZPHH9H;
				INFOPLIST_FILE = SwiftChallenge/Info.plist;
				LD_RUNPATH_SEARCH_PATHS = "$(inherited) @executable_path/Frameworks";
				PRODUCT_BUNDLE_IDENTIFIER = kamedono.com.SwiftChallenge;
				PRODUCT_NAME = "$(TARGET_NAME)";
				SWIFT_VERSION = 3.0;
			};
			name = Debug;
		};
		4D072E211F01510400C166C4 /* Release */ = {
			isa = XCBuildConfiguration;
			buildSettings = {
				ASSETCATALOG_COMPILER_APPICON_NAME = AppIcon;
				DEVELOPMENT_TEAM = ALBGZPHH9H;
				INFOPLIST_FILE = SwiftChallenge/Info.plist;
				LD_RUNPATH_SEARCH_PATHS = "$(inherited) @executable_path/Frameworks";
				PRODUCT_BUNDLE_IDENTIFIER = kamedono.com.SwiftChallenge;
				PRODUCT_NAME = "$(TARGET_NAME)";
				SWIFT_VERSION = 3.0;
			};
			name = Release;
		};
		4D072E231F01510400C166C4 /* Debug */ = {
			isa = XCBuildConfiguration;
			buildSettings = {
				ALWAYS_EMBED_SWIFT_STANDARD_LIBRARIES = YES;
				BUNDLE_LOADER = "$(TEST_HOST)";
				DEVELOPMENT_TEAM = ALBGZPHH9H;
				INFOPLIST_FILE = SwiftChallengeTests/Info.plist;
				LD_RUNPATH_SEARCH_PATHS = "$(inherited) @executable_path/Frameworks @loader_path/Frameworks";
				PRODUCT_BUNDLE_IDENTIFIER = kamedono.com.SwiftChallengeTests;
				PRODUCT_NAME = "$(TARGET_NAME)";
				SWIFT_VERSION = 3.0;
				TEST_HOST = "$(BUILT_PRODUCTS_DIR)/SwiftChallenge.app/SwiftChallenge";
			};
			name = Debug;
		};
		4D072E241F01510400C166C4 /* Release */ = {
			isa = XCBuildConfiguration;
			buildSettings = {
				ALWAYS_EMBED_SWIFT_STANDARD_LIBRARIES = YES;
				BUNDLE_LOADER = "$(TEST_HOST)";
				DEVELOPMENT_TEAM = ALBGZPHH9H;
				INFOPLIST_FILE = SwiftChallengeTests/Info.plist;
				LD_RUNPATH_SEARCH_PATHS = "$(inherited) @executable_path/Frameworks @loader_path/Frameworks";
				PRODUCT_BUNDLE_IDENTIFIER = kamedono.com.SwiftChallengeTests;
				PRODUCT_NAME = "$(TARGET_NAME)";
				SWIFT_VERSION = 3.0;
				TEST_HOST = "$(BUILT_PRODUCTS_DIR)/SwiftChallenge.app/SwiftChallenge";
			};
			name = Release;
		};
		4D072E261F01510400C166C4 /* Debug */ = {
			isa = XCBuildConfiguration;
			buildSettings = {
				ALWAYS_EMBED_SWIFT_STANDARD_LIBRARIES = YES;
				DEVELOPMENT_TEAM = ALBGZPHH9H;
				INFOPLIST_FILE = SwiftChallengeUITests/Info.plist;
				LD_RUNPATH_SEARCH_PATHS = "$(inherited) @executable_path/Frameworks @loader_path/Frameworks";
				PRODUCT_BUNDLE_IDENTIFIER = kamedono.com.SwiftChallengeUITests;
				PRODUCT_NAME = "$(TARGET_NAME)";
				SWIFT_VERSION = 3.0;
				TEST_TARGET_NAME = SwiftChallenge;
			};
			name = Debug;
		};
		4D072E271F01510400C166C4 /* Release */ = {
			isa = XCBuildConfiguration;
			buildSettings = {
				ALWAYS_EMBED_SWIFT_STANDARD_LIBRARIES = YES;
				DEVELOPMENT_TEAM = ALBGZPHH9H;
				INFOPLIST_FILE = SwiftChallengeUITests/Info.plist;
				LD_RUNPATH_SEARCH_PATHS = "$(inherited) @executable_path/Frameworks @loader_path/Frameworks";
				PRODUCT_BUNDLE_IDENTIFIER = kamedono.com.SwiftChallengeUITests;
				PRODUCT_NAME = "$(TARGET_NAME)";
				SWIFT_VERSION = 3.0;
				TEST_TARGET_NAME = SwiftChallenge;
			};
			name = Release;
		};
/* End XCBuildConfiguration section */

/* Begin XCConfigurationList section */
		4D072DF21F01510400C166C4 /* Build configuration list for PBXProject "SwiftChallenge" */ = {
			isa = XCConfigurationList;
			buildConfigurations = (
				4D072E1D1F01510400C166C4 /* Debug */,
				4D072E1E1F01510400C166C4 /* Release */,
			);
			defaultConfigurationIsVisible = 0;
			defaultConfigurationName = Release;
		};
		4D072E1F1F01510400C166C4 /* Build configuration list for PBXNativeTarget "SwiftChallenge" */ = {
			isa = XCConfigurationList;
			buildConfigurations = (
				4D072E201F01510400C166C4 /* Debug */,
				4D072E211F01510400C166C4 /* Release */,
			);
			defaultConfigurationIsVisible = 0;
		};
		4D072E221F01510400C166C4 /* Build configuration list for PBXNativeTarget "SwiftChallengeTests" */ = {
			isa = XCConfigurationList;
			buildConfigurations = (
				4D072E231F01510400C166C4 /* Debug */,
				4D072E241F01510400C166C4 /* Release */,
			);
			defaultConfigurationIsVisible = 0;
		};
		4D072E251F01510400C166C4 /* Build configuration list for PBXNativeTarget "SwiftChallengeUITests" */ = {
			isa = XCConfigurationList;
			buildConfigurations = (
				4D072E261F01510400C166C4 /* Debug */,
				4D072E271F01510400C166C4 /* Release */,
			);
			defaultConfigurationIsVisible = 0;
		};
/* End XCConfigurationList section */
	};
	rootObject = 4D072DEF1F01510400C166C4 /* Project object */;
}
